
Microsoft Visual Studio Solution File, Format Version 12.00
# Visual Studio Version 17
VisualStudioVersion = 17.0.31903.59
MinimumVisualStudioVersion = 10.0.40219.1
Project("{FAE04EC0-301F-11D3-BF4B-00C04F79EFBC}") = "Core", "Core\Core.csproj", "{59F7021E-D0A8-4C3D-BB98-87089DCDCCE8}"
EndProject
Project("{FAE04EC0-301F-11D3-BF4B-00C04F79EFBC}") = "App", "App\App.csproj", "{C6369780-7F46-40B7-8FFA-69609782D9BE}"
EndProject
Project("{FAE04EC0-301F-11D3-BF4B-00C04F79EFBC}") = "Tests", "Tests\Tests.csproj", "{250EC19E-7138-4A6A-ACB5-BCDC64003E56}"
EndProject
Project("{FAE04EC0-301F-11D3-BF4B-00C04F79EFBC}") = "API", "API\API.csproj", "{212AC0AF-58AD-43E4-8CBE-D3BCDD4D155C}"
EndProject
Project("{FAE04EC0-301F-11D3-BF4B-00C04F79EFBC}") = "HttpWebServer", "HttpWebServer\HttpWebServer.csproj", "{70279488-8640-4C00-AC4E-423CB2C45552}"
EndProject
Global
	GlobalSection(SolutionConfigurationPlatforms) = preSolution
		Debug|Any CPU = Debug|Any CPU
		Debug|x64 = Debug|x64
		Debug|x86 = Debug|x86
		Release|Any CPU = Release|Any CPU
		Release|x64 = Release|x64
		Release|x86 = Release|x86
	EndGlobalSection
	GlobalSection(ProjectConfigurationPlatforms) = postSolution
		{59F7021E-D0A8-4C3D-BB98-87089DCDCCE8}.Debug|Any CPU.ActiveCfg = Debug|Any CPU
		{59F7021E-D0A8-4C3D-BB98-87089DCDCCE8}.Debug|Any CPU.Build.0 = Debug|Any CPU
		{59F7021E-D0A8-4C3D-BB98-87089DCDCCE8}.Debug|x64.ActiveCfg = Debug|Any CPU
		{59F7021E-D0A8-4C3D-BB98-87089DCDCCE8}.Debug|x64.Build.0 = Debug|Any CPU
		{59F7021E-D0A8-4C3D-BB98-87089DCDCCE8}.Debug|x86.ActiveCfg = Debug|Any CPU
		{59F7021E-D0A8-4C3D-BB98-87089DCDCCE8}.Debug|x86.Build.0 = Debug|Any CPU
		{59F7021E-D0A8-4C3D-BB98-87089DCDCCE8}.Release|Any CPU.ActiveCfg = Release|Any CPU
		{59F7021E-D0A8-4C3D-BB98-87089DCDCCE8}.Release|Any CPU.Build.0 = Release|Any CPU
		{59F7021E-D0A8-4C3D-BB98-87089DCDCCE8}.Release|x64.ActiveCfg = Release|Any CPU
		{59F7021E-D0A8-4C3D-BB98-87089DCDCCE8}.Release|x64.Build.0 = Release|Any CPU
		{59F7021E-D0A8-4C3D-BB98-87089DCDCCE8}.Release|x86.ActiveCfg = Release|Any CPU
		{59F7021E-D0A8-4C3D-BB98-87089DCDCCE8}.Release|x86.Build.0 = Release|Any CPU
		{C6369780-7F46-40B7-8FFA-69609782D9BE}.Debug|Any CPU.ActiveCfg = Debug|Any CPU
		{C6369780-7F46-40B7-8FFA-69609782D9BE}.Debug|Any CPU.Build.0 = Debug|Any CPU
		{C6369780-7F46-40B7-8FFA-69609782D9BE}.Debug|x64.ActiveCfg = Debug|Any CPU
		{C6369780-7F46-40B7-8FFA-69609782D9BE}.Debug|x64.Build.0 = Debug|Any CPU
		{C6369780-7F46-40B7-8FFA-69609782D9BE}.Debug|x86.ActiveCfg = Debug|Any CPU
		{C6369780-7F46-40B7-8FFA-69609782D9BE}.Debug|x86.Build.0 = Debug|Any CPU
		{C6369780-7F46-40B7-8FFA-69609782D9BE}.Release|Any CPU.ActiveCfg = Release|Any CPU
		{C6369780-7F46-40B7-8FFA-69609782D9BE}.Release|Any CPU.Build.0 = Release|Any CPU
		{C6369780-7F46-40B7-8FFA-69609782D9BE}.Release|x64.ActiveCfg = Release|Any CPU
		{C6369780-7F46-40B7-8FFA-69609782D9BE}.Release|x64.Build.0 = Release|Any CPU
		{C6369780-7F46-40B7-8FFA-69609782D9BE}.Release|x86.ActiveCfg = Release|Any CPU
		{C6369780-7F46-40B7-8FFA-69609782D9BE}.Release|x86.Build.0 = Release|Any CPU
		{250EC19E-7138-4A6A-ACB5-BCDC64003E56}.Debug|Any CPU.ActiveCfg = Debug|Any CPU
		{250EC19E-7138-4A6A-ACB5-BCDC64003E56}.Debug|Any CPU.Build.0 = Debug|Any CPU
		{250EC19E-7138-4A6A-ACB5-BCDC64003E56}.Debug|x64.ActiveCfg = Debug|Any CPU
		{250EC19E-7138-4A6A-ACB5-BCDC64003E56}.Debug|x64.Build.0 = Debug|Any CPU
		{250EC19E-7138-4A6A-ACB5-BCDC64003E56}.Debug|x86.ActiveCfg = Debug|Any CPU
		{250EC19E-7138-4A6A-ACB5-BCDC64003E56}.Debug|x86.Build.0 = Debug|Any CPU
		{250EC19E-7138-4A6A-ACB5-BCDC64003E56}.Release|Any CPU.ActiveCfg = Release|Any CPU
		{250EC19E-7138-4A6A-ACB5-BCDC64003E56}.Release|Any CPU.Build.0 = Release|Any CPU
		{250EC19E-7138-4A6A-ACB5-BCDC64003E56}.Release|x64.ActiveCfg = Release|Any CPU
		{250EC19E-7138-4A6A-ACB5-BCDC64003E56}.Release|x64.Build.0 = Release|Any CPU
		{250EC19E-7138-4A6A-ACB5-BCDC64003E56}.Release|x86.ActiveCfg = Release|Any CPU
		{250EC19E-7138-4A6A-ACB5-BCDC64003E56}.Release|x86.Build.0 = Release|Any CPU
		{212AC0AF-58AD-43E4-8CBE-D3BCDD4D155C}.Debug|Any CPU.ActiveCfg = Debug|Any CPU
		{212AC0AF-58AD-43E4-8CBE-D3BCDD4D155C}.Debug|Any CPU.Build.0 = Debug|Any CPU
		{212AC0AF-58AD-43E4-8CBE-D3BCDD4D155C}.Debug|x64.ActiveCfg = Debug|Any CPU
		{212AC0AF-58AD-43E4-8CBE-D3BCDD4D155C}.Debug|x64.Build.0 = Debug|Any CPU
		{212AC0AF-58AD-43E4-8CBE-D3BCDD4D155C}.Debug|x86.ActiveCfg = Debug|Any CPU
		{212AC0AF-58AD-43E4-8CBE-D3BCDD4D155C}.Debug|x86.Build.0 = Debug|Any CPU
		{212AC0AF-58AD-43E4-8CBE-D3BCDD4D155C}.Release|Any CPU.ActiveCfg = Release|Any CPU
		{212AC0AF-58AD-43E4-8CBE-D3BCDD4D155C}.Release|Any CPU.Build.0 = Release|Any CPU
		{212AC0AF-58AD-43E4-8CBE-D3BCDD4D155C}.Release|x64.ActiveCfg = Release|Any CPU
		{212AC0AF-58AD-43E4-8CBE-D3BCDD4D155C}.Release|x64.Build.0 = Release|Any CPU
		{212AC0AF-58AD-43E4-8CBE-D3BCDD4D155C}.Release|x86.ActiveCfg = Release|Any CPU
		{212AC0AF-58AD-43E4-8CBE-D3BCDD4D155C}.Release|x86.Build.0 = Release|Any CPU
		{70279488-8640-4C00-AC4E-423CB2C45552}.Debug|Any CPU.ActiveCfg = Debug|Any CPU
		{70279488-8640-4C00-AC4E-423CB2C45552}.Debug|Any CPU.Build.0 = Debug|Any CPU
		{70279488-8640-4C00-AC4E-423CB2C45552}.Debug|x64.ActiveCfg = Debug|Any CPU
		{70279488-8640-4C00-AC4E-423CB2C45552}.Debug|x64.Build.0 = Debug|Any CPU
		{70279488-8640-4C00-AC4E-423CB2C45552}.Debug|x86.ActiveCfg = Debug|Any CPU
		{70279488-8640-4C00-AC4E-423CB2C45552}.Debug|x86.Build.0 = Debug|Any CPU
		{70279488-8640-4C00-AC4E-423CB2C45552}.Release|Any CPU.ActiveCfg = Release|Any CPU
		{70279488-8640-4C00-AC4E-423CB2C45552}.Release|Any CPU.Build.0 = Release|Any CPU
		{70279488-8640-4C00-AC4E-423CB2C45552}.Release|x64.ActiveCfg = Release|Any CPU
		{70279488-8640-4C00-AC4E-423CB2C45552}.Release|x64.Build.0 = Release|Any CPU
		{70279488-8640-4C00-AC4E-423CB2C45552}.Release|x86.ActiveCfg = Release|Any CPU
		{70279488-8640-4C00-AC4E-423CB2C45552}.Release|x86.Build.0 = Release|Any CPU
	EndGlobalSection
	GlobalSection(SolutionProperties) = preSolution
		HideSolutionNode = FALSE
	EndGlobalSection
EndGlobal
